
Microsoft Visual Studio Solution File, Format Version 12.00
# Visual Studio 15
VisualStudioVersion = 15.0.28010.2019
MinimumVisualStudioVersion = 10.0.40219.1
Project("{FAE04EC0-301F-11D3-BF4B-00C04F79EFBC}") = "RegistrationAndLogin", "RegistrationAndLogin\RegistrationAndLogin.csproj", "{DB09F02B-DC82-452A-AAC0-8DB71BEE4E1C}"
EndProject
Global
	GlobalSection(SolutionConfigurationPlatforms) = preSolution
		Debug|Any CPU = Debug|Any CPU
		Release|Any CPU = Release|Any CPU
	EndGlobalSection
	GlobalSection(ProjectConfigurationPlatforms) = postSolution
		{DB09F02B-DC82-452A-AAC0-8DB71BEE4E1C}.Debug|Any CPU.ActiveCfg = Debug|Any CPU
		{DB09F02B-DC82-452A-AAC0-8DB71BEE4E1C}.Debug|Any CPU.Build.0 = Debug|Any CPU
		{DB09F02B-DC82-452A-AAC0-8DB71BEE4E1C}.Release|Any CPU.ActiveCfg = Release|Any CPU
		{DB09F02B-DC82-452A-AAC0-8DB71BEE4E1C}.Release|Any CPU.Build.0 = Release|Any CPU
	EndGlobalSection
	GlobalSection(SolutionProperties) = preSolution
		HideSolutionNode = FALSE
	EndGlobalSection
	GlobalSection(ExtensibilityGlobals) = postSolution
		SolutionGuid = {3324359D-091E-4614-A223-3B0E4AA229E4}
	EndGlobalSection
EndGlobal
