
Microsoft Visual Studio Solution File, Format Version 12.00
# Visual Studio 15
VisualStudioVersion = 15.0.28010.2019
MinimumVisualStudioVersion = 10.0.40219.1
Project("{E24C65DC-7377-472B-9ABA-BC803B73C61A}") = "Login", "Login\", "{01145AC2-5BB5-487F-BC5E-3199E6F6F920}"
	ProjectSection(WebsiteProperties) = preProject
		TargetFrameworkMoniker = ".NETFramework,Version%3Dv4.6.1"
		Debug.AspNetCompiler.VirtualPath = "/localhost_8599"
		Debug.AspNetCompiler.PhysicalPath = "Login\"
		Debug.AspNetCompiler.TargetPath = "PrecompiledWeb\localhost_8599\"
		Debug.AspNetCompiler.Updateable = "true"
		Debug.AspNetCompiler.ForceOverwrite = "true"
		Debug.AspNetCompiler.FixedNames = "false"
		Debug.AspNetCompiler.Debug = "True"
		Release.AspNetCompiler.VirtualPath = "/localhost_8599"
		Release.AspNetCompiler.PhysicalPath = "Login\"
		Release.AspNetCompiler.TargetPath = "PrecompiledWeb\localhost_8599\"
		Release.AspNetCompiler.Updateable = "true"
		Release.AspNetCompiler.ForceOverwrite = "true"
		Release.AspNetCompiler.FixedNames = "false"
		Release.AspNetCompiler.Debug = "False"
		VWDPort = "8599"
		SlnRelativePath = "Login\"
		DefaultWebSiteLanguage = "Visual C#"
	EndProjectSection
EndProject
Project("{00D1A9C2-B5F0-4AF3-8072-F6C62B433612}") = "team", "team\team.sqlproj", "{A0342ECC-4924-4E3B-84E4-1BDDFE56679A}"
EndProject
Global
	GlobalSection(SolutionConfigurationPlatforms) = preSolution
		Debug|Any CPU = Debug|Any CPU
		Release|Any CPU = Release|Any CPU
	EndGlobalSection
	GlobalSection(ProjectConfigurationPlatforms) = postSolution
		{01145AC2-5BB5-487F-BC5E-3199E6F6F920}.Debug|Any CPU.ActiveCfg = Debug|Any CPU
		{01145AC2-5BB5-487F-BC5E-3199E6F6F920}.Debug|Any CPU.Build.0 = Debug|Any CPU
		{01145AC2-5BB5-487F-BC5E-3199E6F6F920}.Release|Any CPU.ActiveCfg = Debug|Any CPU
		{01145AC2-5BB5-487F-BC5E-3199E6F6F920}.Release|Any CPU.Build.0 = Debug|Any CPU
		{A0342ECC-4924-4E3B-84E4-1BDDFE56679A}.Debug|Any CPU.ActiveCfg = Debug|Any CPU
		{A0342ECC-4924-4E3B-84E4-1BDDFE56679A}.Debug|Any CPU.Build.0 = Debug|Any CPU
		{A0342ECC-4924-4E3B-84E4-1BDDFE56679A}.Debug|Any CPU.Deploy.0 = Debug|Any CPU
		{A0342ECC-4924-4E3B-84E4-1BDDFE56679A}.Release|Any CPU.ActiveCfg = Release|Any CPU
		{A0342ECC-4924-4E3B-84E4-1BDDFE56679A}.Release|Any CPU.Build.0 = Release|Any CPU
		{A0342ECC-4924-4E3B-84E4-1BDDFE56679A}.Release|Any CPU.Deploy.0 = Release|Any CPU
	EndGlobalSection
	GlobalSection(SolutionProperties) = preSolution
		HideSolutionNode = FALSE
	EndGlobalSection
	GlobalSection(ExtensibilityGlobals) = postSolution
		SolutionGuid = {02FB40BB-A1B3-43BE-8B90-944C868E40B0}
	EndGlobalSection
EndGlobal
